
Microsoft Visual Studio Solution File, Format Version 12.00
# Visual Studio Version 16
VisualStudioVersion = 16.0.30907.101
MinimumVisualStudioVersion = 10.0.40219.1
Project("{9A19103F-16F7-4668-BE54-9A1E7A4F7556}") = "Play.Common", "Play.Common\Play.Common.csproj", "{B3E76E4E-22A3-4DC5-8B54-2A90BD513A0D}"
EndProject
Project("{9A19103F-16F7-4668-BE54-9A1E7A4F7556}") = "Play.Catalog", "Play.Catalog\Play.Catalog.csproj", "{F5FB8BA9-3C8A-4794-B4F0-FE3FDF7C2FA4}"
EndProject
Project("{9A19103F-16F7-4668-BE54-9A1E7A4F7556}") = "Play.Inventory", "Play.Inventory\Play.Inventory.csproj", "{0B2D0F91-77DE-4B3B-BA9C-45F484B7A369}"
EndProject
Project("{E53339B2-1760-4266-BCC7-CA923CBCF16C}") = "docker-compose", "docker-compose.dcproj", "{750E56E8-90D1-48CF-882A-E268E67728BE}"
EndProject
Global
	GlobalSection(SolutionConfigurationPlatforms) = preSolution
		Debug|Any CPU = Debug|Any CPU
		Release|Any CPU = Release|Any CPU
	EndGlobalSection
	GlobalSection(ProjectConfigurationPlatforms) = postSolution
		{B3E76E4E-22A3-4DC5-8B54-2A90BD513A0D}.Debug|Any CPU.ActiveCfg = Debug|Any CPU
		{B3E76E4E-22A3-4DC5-8B54-2A90BD513A0D}.Debug|Any CPU.Build.0 = Debug|Any CPU
		{B3E76E4E-22A3-4DC5-8B54-2A90BD513A0D}.Release|Any CPU.ActiveCfg = Release|Any CPU
		{B3E76E4E-22A3-4DC5-8B54-2A90BD513A0D}.Release|Any CPU.Build.0 = Release|Any CPU
		{F5FB8BA9-3C8A-4794-B4F0-FE3FDF7C2FA4}.Debug|Any CPU.ActiveCfg = Debug|Any CPU
		{F5FB8BA9-3C8A-4794-B4F0-FE3FDF7C2FA4}.Debug|Any CPU.Build.0 = Debug|Any CPU
		{F5FB8BA9-3C8A-4794-B4F0-FE3FDF7C2FA4}.Release|Any CPU.ActiveCfg = Release|Any CPU
		{F5FB8BA9-3C8A-4794-B4F0-FE3FDF7C2FA4}.Release|Any CPU.Build.0 = Release|Any CPU
		{0B2D0F91-77DE-4B3B-BA9C-45F484B7A369}.Debug|Any CPU.ActiveCfg = Debug|Any CPU
		{0B2D0F91-77DE-4B3B-BA9C-45F484B7A369}.Debug|Any CPU.Build.0 = Debug|Any CPU
		{0B2D0F91-77DE-4B3B-BA9C-45F484B7A369}.Release|Any CPU.ActiveCfg = Release|Any CPU
		{0B2D0F91-77DE-4B3B-BA9C-45F484B7A369}.Release|Any CPU.Build.0 = Release|Any CPU
		{750E56E8-90D1-48CF-882A-E268E67728BE}.Debug|Any CPU.ActiveCfg = Debug|Any CPU
		{750E56E8-90D1-48CF-882A-E268E67728BE}.Debug|Any CPU.Build.0 = Debug|Any CPU
		{750E56E8-90D1-48CF-882A-E268E67728BE}.Release|Any CPU.ActiveCfg = Release|Any CPU
		{750E56E8-90D1-48CF-882A-E268E67728BE}.Release|Any CPU.Build.0 = Release|Any CPU
	EndGlobalSection
	GlobalSection(SolutionProperties) = preSolution
		HideSolutionNode = FALSE
	EndGlobalSection
	GlobalSection(ExtensibilityGlobals) = postSolution
		SolutionGuid = {F6791EA2-CD92-4BEB-8825-433E1EDD46A0}
	EndGlobalSection
EndGlobal
